
Microsoft Visual Studio Solution File, Format Version 12.00
# Visual Studio Version 16
VisualStudioVersion = 16.0.31424.327
MinimumVisualStudioVersion = 10.0.40219.1
Project("{FAE04EC0-301F-11D3-BF4B-00C04F79EFBC}") = "Hero.Api", "Hero.Api\Hero.Api.csproj", "{C2AF6329-D6E1-453E-B0CD-4BA8A445004C}"
EndProject
Global
	GlobalSection(SolutionConfigurationPlatforms) = preSolution
		Debug|Any CPU = Debug|Any CPU
		Release|Any CPU = Release|Any CPU
	EndGlobalSection
	GlobalSection(ProjectConfigurationPlatforms) = postSolution
		{C2AF6329-D6E1-453E-B0CD-4BA8A445004C}.Debug|Any CPU.ActiveCfg = Debug|Any CPU
		{C2AF6329-D6E1-453E-B0CD-4BA8A445004C}.Debug|Any CPU.Build.0 = Debug|Any CPU
		{C2AF6329-D6E1-453E-B0CD-4BA8A445004C}.Release|Any CPU.ActiveCfg = Release|Any CPU
		{C2AF6329-D6E1-453E-B0CD-4BA8A445004C}.Release|Any CPU.Build.0 = Release|Any CPU
	EndGlobalSection
	GlobalSection(SolutionProperties) = preSolution
		HideSolutionNode = FALSE
	EndGlobalSection
	GlobalSection(ExtensibilityGlobals) = postSolution
		SolutionGuid = {A008FEA7-EE2A-432F-B2FD-9359942F00D5}
	EndGlobalSection
EndGlobal
